
Microsoft Visual Studio Solution File, Format Version 12.00
# Visual Studio Version 16
VisualStudioVersion = 16.0.29424.173
MinimumVisualStudioVersion = 10.0.40219.1
Project("{9A19103F-16F7-4668-BE54-9A1E7A4F7556}") = "Unpourd", "Unpourd\Unpourd.csproj", "{E01BCC73-6D20-43DC-B113-C8F8E601D534}"
EndProject
Project("{9A19103F-16F7-4668-BE54-9A1E7A4F7556}") = "Logic", "Logic\Logic.csproj", "{6976B1A4-CB34-4BF4-AEBA-49633E4C12FC}"
EndProject
Project("{9A19103F-16F7-4668-BE54-9A1E7A4F7556}") = "Data", "Data\Data.csproj", "{5CCD21CB-BAA1-4183-B061-0107FAC842FD}"
EndProject
Project("{9A19103F-16F7-4668-BE54-9A1E7A4F7556}") = "XUnitTestUnpourd", "XUnitTestUnpourd\XUnitTestUnpourd.csproj", "{D719AC33-CC00-4A26-8522-6F934C5486A7}"
EndProject
Project("{FAE04EC0-301F-11D3-BF4B-00C04F79EFBC}") = "DataContext", "DataContext\DataContext.csproj", "{6DE5695B-C189-4719-8F77-6BB6E5E047CD}"
EndProject
Global
	GlobalSection(SolutionConfigurationPlatforms) = preSolution
		Debug|Any CPU = Debug|Any CPU
		Release|Any CPU = Release|Any CPU
	EndGlobalSection
	GlobalSection(ProjectConfigurationPlatforms) = postSolution
		{E01BCC73-6D20-43DC-B113-C8F8E601D534}.Debug|Any CPU.ActiveCfg = Debug|Any CPU
		{E01BCC73-6D20-43DC-B113-C8F8E601D534}.Debug|Any CPU.Build.0 = Debug|Any CPU
		{E01BCC73-6D20-43DC-B113-C8F8E601D534}.Release|Any CPU.ActiveCfg = Release|Any CPU
		{E01BCC73-6D20-43DC-B113-C8F8E601D534}.Release|Any CPU.Build.0 = Release|Any CPU
		{6976B1A4-CB34-4BF4-AEBA-49633E4C12FC}.Debug|Any CPU.ActiveCfg = Debug|Any CPU
		{6976B1A4-CB34-4BF4-AEBA-49633E4C12FC}.Debug|Any CPU.Build.0 = Debug|Any CPU
		{6976B1A4-CB34-4BF4-AEBA-49633E4C12FC}.Release|Any CPU.ActiveCfg = Release|Any CPU
		{6976B1A4-CB34-4BF4-AEBA-49633E4C12FC}.Release|Any CPU.Build.0 = Release|Any CPU
		{5CCD21CB-BAA1-4183-B061-0107FAC842FD}.Debug|Any CPU.ActiveCfg = Debug|Any CPU
		{5CCD21CB-BAA1-4183-B061-0107FAC842FD}.Debug|Any CPU.Build.0 = Debug|Any CPU
		{5CCD21CB-BAA1-4183-B061-0107FAC842FD}.Release|Any CPU.ActiveCfg = Release|Any CPU
		{5CCD21CB-BAA1-4183-B061-0107FAC842FD}.Release|Any CPU.Build.0 = Release|Any CPU
		{D719AC33-CC00-4A26-8522-6F934C5486A7}.Debug|Any CPU.ActiveCfg = Debug|Any CPU
		{D719AC33-CC00-4A26-8522-6F934C5486A7}.Debug|Any CPU.Build.0 = Debug|Any CPU
		{D719AC33-CC00-4A26-8522-6F934C5486A7}.Release|Any CPU.ActiveCfg = Release|Any CPU
		{D719AC33-CC00-4A26-8522-6F934C5486A7}.Release|Any CPU.Build.0 = Release|Any CPU
		{6DE5695B-C189-4719-8F77-6BB6E5E047CD}.Debug|Any CPU.ActiveCfg = Debug|Any CPU
		{6DE5695B-C189-4719-8F77-6BB6E5E047CD}.Debug|Any CPU.Build.0 = Debug|Any CPU
		{6DE5695B-C189-4719-8F77-6BB6E5E047CD}.Release|Any CPU.ActiveCfg = Release|Any CPU
		{6DE5695B-C189-4719-8F77-6BB6E5E047CD}.Release|Any CPU.Build.0 = Release|Any CPU
	EndGlobalSection
	GlobalSection(SolutionProperties) = preSolution
		HideSolutionNode = FALSE
	EndGlobalSection
	GlobalSection(ExtensibilityGlobals) = postSolution
		SolutionGuid = {7253EDE2-0615-49A6-A27B-3B48BDF96278}
	EndGlobalSection
EndGlobal
